
Microsoft Visual Studio Solution File, Format Version 12.00
# Visual Studio 15
VisualStudioVersion = 15.0.28010.2046
MinimumVisualStudioVersion = 10.0.40219.1
Project("{888888A0-9F3D-457C-B088-3A5042F75D52}") = "exportUpdates", "PythonexportUpdate\exportUpdates.pyproj", "{2251CD08-C3B5-494F-B6A9-8BD354FE93F2}"
EndProject
Global
	GlobalSection(SolutionConfigurationPlatforms) = preSolution
		Debug|Any CPU = Debug|Any CPU
		Release|Any CPU = Release|Any CPU
	EndGlobalSection
	GlobalSection(ProjectConfigurationPlatforms) = postSolution
		{2251CD08-C3B5-494F-B6A9-8BD354FE93F2}.Debug|Any CPU.ActiveCfg = Debug|Any CPU
		{2251CD08-C3B5-494F-B6A9-8BD354FE93F2}.Release|Any CPU.ActiveCfg = Release|Any CPU
	EndGlobalSection
	GlobalSection(SolutionProperties) = preSolution
		HideSolutionNode = FALSE
	EndGlobalSection
	GlobalSection(ExtensibilityGlobals) = postSolution
		SolutionGuid = {B8C29F8C-D287-42BA-BC56-57E7567E3913}
	EndGlobalSection
EndGlobal
